// !$*UTF8*$!
{
	archiveVersion = 1;
	classes = {
	};
	objectVersion = 50;
	objects = {

/* Begin PBXBuildFile section */
		040359F2231A9BF300F16404 /* Data+dataToFile.swift in Sources */ = {isa = PBXBuildFile; fileRef = 040359F1231A9BF300F16404 /* Data+dataToFile.swift */; };
		040508E42302CBD500B958C8 /* cities.json in Resources */ = {isa = PBXBuildFile; fileRef = 040508E32302CBD500B958C8 /* cities.json */; };
		040508E72302CE0C00B958C8 /* CityStorage.swift in Sources */ = {isa = PBXBuildFile; fileRef = 040508E62302CE0C00B958C8 /* CityStorage.swift */; };
		040508EA2302CE6600B958C8 /* City.swift in Sources */ = {isa = PBXBuildFile; fileRef = 040508E92302CE6600B958C8 /* City.swift */; };
		0406C9EE2301C8860075A96B /* AppDelegate.swift in Sources */ = {isa = PBXBuildFile; fileRef = 0406C9ED2301C8860075A96B /* AppDelegate.swift */; };
		0406C9F52301C8880075A96B /* Assets.xcassets in Resources */ = {isa = PBXBuildFile; fileRef = 0406C9F42301C8880075A96B /* Assets.xcassets */; };
		0406C9F82301C8880075A96B /* LaunchScreen.storyboard in Resources */ = {isa = PBXBuildFile; fileRef = 0406C9F62301C8880075A96B /* LaunchScreen.storyboard */; };
		040930AA231A7A6800C0EF8F /* Toast.swift in Sources */ = {isa = PBXBuildFile; fileRef = 040930A9231A7A6800C0EF8F /* Toast.swift */; };
		040930AC231A7A7400C0EF8F /* Loader.swift in Sources */ = {isa = PBXBuildFile; fileRef = 040930AB231A7A7400C0EF8F /* Loader.swift */; };
		040930AE231A7CC100C0EF8F /* AdditionalSearchKey.swift in Sources */ = {isa = PBXBuildFile; fileRef = 040930AD231A7CC100C0EF8F /* AdditionalSearchKey.swift */; };
		040930C7231A7E5600C0EF8F /* PhotoPresenterOutput.swift in Sources */ = {isa = PBXBuildFile; fileRef = 040930BA231A7E5600C0EF8F /* PhotoPresenterOutput.swift */; };
		040930C8231A7E5600C0EF8F /* PhotoPresenter.swift in Sources */ = {isa = PBXBuildFile; fileRef = 040930BB231A7E5600C0EF8F /* PhotoPresenter.swift */; };
		040930C9231A7E5600C0EF8F /* PhotoPresenterInput.swift in Sources */ = {isa = PBXBuildFile; fileRef = 040930BC231A7E5600C0EF8F /* PhotoPresenterInput.swift */; };
		040930CA231A7E5600C0EF8F /* PhotoRouterInput.swift in Sources */ = {isa = PBXBuildFile; fileRef = 040930BE231A7E5600C0EF8F /* PhotoRouterInput.swift */; };
		040930CB231A7E5600C0EF8F /* PhotoRouter.swift in Sources */ = {isa = PBXBuildFile; fileRef = 040930BF231A7E5600C0EF8F /* PhotoRouter.swift */; };
		040930CC231A7E5600C0EF8F /* PhotoViewController.xib in Resources */ = {isa = PBXBuildFile; fileRef = 040930C1231A7E5600C0EF8F /* PhotoViewController.xib */; };
		040930CD231A7E5600C0EF8F /* PhotoViewInput.swift in Sources */ = {isa = PBXBuildFile; fileRef = 040930C2231A7E5600C0EF8F /* PhotoViewInput.swift */; };
		040930CE231A7E5600C0EF8F /* PhotoViewOutput.swift in Sources */ = {isa = PBXBuildFile; fileRef = 040930C3231A7E5600C0EF8F /* PhotoViewOutput.swift */; };
		040930CF231A7E5600C0EF8F /* PhotoViewController.swift in Sources */ = {isa = PBXBuildFile; fileRef = 040930C4231A7E5600C0EF8F /* PhotoViewController.swift */; };
		040930D0231A7E5600C0EF8F /* PhotoConfigurator.swift in Sources */ = {isa = PBXBuildFile; fileRef = 040930C6231A7E5600C0EF8F /* PhotoConfigurator.swift */; };
		040F240323041FCA00883C5F /* CityResponse.swift in Sources */ = {isa = PBXBuildFile; fileRef = 040F240223041FCA00883C5F /* CityResponse.swift */; };
		040F2404230425C900883C5F /* Localizable.strings in Resources */ = {isa = PBXBuildFile; fileRef = 040F2406230425C900883C5F /* Localizable.strings */; };
		040F2408230426C100883C5F /* StyleWrapper+UIView.swift in Sources */ = {isa = PBXBuildFile; fileRef = 040F2407230426C100883C5F /* StyleWrapper+UIView.swift */; };
		0411E90F2312EE660084452A /* UIImageView+getScaledImageSize.swift in Sources */ = {isa = PBXBuildFile; fileRef = 0411E90E2312EE660084452A /* UIImageView+getScaledImageSize.swift */; };
		0463114F2301CA6C00C640E8 /* AppConfiguration.swift in Sources */ = {isa = PBXBuildFile; fileRef = 0463114E2301CA6C00C640E8 /* AppConfiguration.swift */; };
		046311512301CA7D00C640E8 /* AppDefaults.swift in Sources */ = {isa = PBXBuildFile; fileRef = 046311502301CA7D00C640E8 /* AppDefaults.swift */; };
		046311572301CAAC00C640E8 /* AppAssets.swift in Sources */ = {isa = PBXBuildFile; fileRef = 046311562301CAAC00C640E8 /* AppAssets.swift */; };
		046311592301CB9F00C640E8 /* AppLocalization.swift in Sources */ = {isa = PBXBuildFile; fileRef = 046311582301CB9F00C640E8 /* AppLocalization.swift */; };
		0463115B2301CBAB00C640E8 /* AppLocalizationManager.swift in Sources */ = {isa = PBXBuildFile; fileRef = 0463115A2301CBAB00C640E8 /* AppLocalizationManager.swift */; };
		0463115D2301CBB100C640E8 /* Localizable.swift in Sources */ = {isa = PBXBuildFile; fileRef = 0463115C2301CBB100C640E8 /* Localizable.swift */; };
		046311732301CC3C00C640E8 /* PTRootUI.swift in Sources */ = {isa = PBXBuildFile; fileRef = 0463116E2301CC3C00C640E8 /* PTRootUI.swift */; };
		046311742301CC3C00C640E8 /* PT Root UI_Light.otf in Resources */ = {isa = PBXBuildFile; fileRef = 0463116F2301CC3C00C640E8 /* PT Root UI_Light.otf */; };
		046311752301CC3C00C640E8 /* PT Root UI_Regular.otf in Resources */ = {isa = PBXBuildFile; fileRef = 046311702301CC3C00C640E8 /* PT Root UI_Regular.otf */; };
		046311762301CC3C00C640E8 /* PT Root UI_Bold.otf in Resources */ = {isa = PBXBuildFile; fileRef = 046311712301CC3C00C640E8 /* PT Root UI_Bold.otf */; };
		046311772301CC3C00C640E8 /* PT Root UI_Medium.otf in Resources */ = {isa = PBXBuildFile; fileRef = 046311722301CC3C00C640E8 /* PT Root UI_Medium.otf */; };
		046311792301CC5300C640E8 /* AppTheme.swift in Sources */ = {isa = PBXBuildFile; fileRef = 046311782301CC5300C640E8 /* AppTheme.swift */; };
		0463117B2301CC5E00C640E8 /* AppThemeManager.swift in Sources */ = {isa = PBXBuildFile; fileRef = 0463117A2301CC5E00C640E8 /* AppThemeManager.swift */; };
		0463117D2301CC8C00C640E8 /* Stylable.swift in Sources */ = {isa = PBXBuildFile; fileRef = 0463117C2301CC8C00C640E8 /* Stylable.swift */; };
		0463117F2301CC9200C640E8 /* StyleWrapper.swift in Sources */ = {isa = PBXBuildFile; fileRef = 0463117E2301CC9200C640E8 /* StyleWrapper.swift */; };
		046311812301CCAD00C640E8 /* StyleWrapper+UILabel.swift in Sources */ = {isa = PBXBuildFile; fileRef = 046311802301CCAD00C640E8 /* StyleWrapper+UILabel.swift */; };
		046311882301CD8F00C640E8 /* Reachability.swift in Sources */ = {isa = PBXBuildFile; fileRef = 046311872301CD8F00C640E8 /* Reachability.swift */; };
		0463118A2301CDA800C640E8 /* BasicNavigationController.swift in Sources */ = {isa = PBXBuildFile; fileRef = 046311892301CDA800C640E8 /* BasicNavigationController.swift */; };
		0463118C2301CDD300C640E8 /* UIColor+hex.swift in Sources */ = {isa = PBXBuildFile; fileRef = 0463118B2301CDD300C640E8 /* UIColor+hex.swift */; };
		0473F51623032199005412BF /* MainPresenter.swift in Sources */ = {isa = PBXBuildFile; fileRef = 0473F50923032199005412BF /* MainPresenter.swift */; };
		0473F51723032199005412BF /* MainPresenterOutput.swift in Sources */ = {isa = PBXBuildFile; fileRef = 0473F50A23032199005412BF /* MainPresenterOutput.swift */; };
		0473F51823032199005412BF /* MainPresenterInput.swift in Sources */ = {isa = PBXBuildFile; fileRef = 0473F50B23032199005412BF /* MainPresenterInput.swift */; };
		0473F51923032199005412BF /* MainRouterInput.swift in Sources */ = {isa = PBXBuildFile; fileRef = 0473F50D23032199005412BF /* MainRouterInput.swift */; };
		0473F51A23032199005412BF /* MainRouter.swift in Sources */ = {isa = PBXBuildFile; fileRef = 0473F50E23032199005412BF /* MainRouter.swift */; };
		0473F51B23032199005412BF /* MainViewInput.swift in Sources */ = {isa = PBXBuildFile; fileRef = 0473F51023032199005412BF /* MainViewInput.swift */; };
		0473F51C23032199005412BF /* MainViewController.xib in Resources */ = {isa = PBXBuildFile; fileRef = 0473F51123032199005412BF /* MainViewController.xib */; };
		0473F51D23032199005412BF /* MainViewOutput.swift in Sources */ = {isa = PBXBuildFile; fileRef = 0473F51223032199005412BF /* MainViewOutput.swift */; };
		0473F51E23032199005412BF /* MainViewController.swift in Sources */ = {isa = PBXBuildFile; fileRef = 0473F51323032199005412BF /* MainViewController.swift */; };
		0473F51F23032199005412BF /* MainConfigurator.swift in Sources */ = {isa = PBXBuildFile; fileRef = 0473F51523032199005412BF /* MainConfigurator.swift */; };
		0473F52A23033C56005412BF /* String+className.swift in Sources */ = {isa = PBXBuildFile; fileRef = 0473F52923033C56005412BF /* String+className.swift */; };
		0473F52C23033CCE005412BF /* UIViewController+identifier.swift in Sources */ = {isa = PBXBuildFile; fileRef = 0473F52B23033CCE005412BF /* UIViewController+identifier.swift */; };
		04B6137223131BB30099525D /* StyleWrapper+UIButton.swift in Sources */ = {isa = PBXBuildFile; fileRef = 04B6137123131BB30099525D /* StyleWrapper+UIButton.swift */; };
		8FBB3C8E0B415FED3B9ADB94 /* Pods_RandomPlacePhoto.framework in Frameworks */ = {isa = PBXBuildFile; fileRef = 50E8ED9F7363EE3990618BFB /* Pods_RandomPlacePhoto.framework */; };
/* End PBXBuildFile section */

/* Begin PBXFileReference section */
		040359F1231A9BF300F16404 /* Data+dataToFile.swift */ = {isa = PBXFileReference; lastKnownFileType = sourcecode.swift; path = "Data+dataToFile.swift"; sourceTree = "<group>"; };
		040508E32302CBD500B958C8 /* cities.json */ = {isa = PBXFileReference; fileEncoding = 4; lastKnownFileType = text.json; path = cities.json; sourceTree = "<group>"; };
		040508E62302CE0C00B958C8 /* CityStorage.swift */ = {isa = PBXFileReference; lastKnownFileType = sourcecode.swift; path = CityStorage.swift; sourceTree = "<group>"; };
		040508E92302CE6600B958C8 /* City.swift */ = {isa = PBXFileReference; lastKnownFileType = sourcecode.swift; path = City.swift; sourceTree = "<group>"; };
		0406C9EA2301C8860075A96B /* RandomPlacePhoto.app */ = {isa = PBXFileReference; explicitFileType = wrapper.application; includeInIndex = 0; path = RandomPlacePhoto.app; sourceTree = BUILT_PRODUCTS_DIR; };
		0406C9ED2301C8860075A96B /* AppDelegate.swift */ = {isa = PBXFileReference; lastKnownFileType = sourcecode.swift; path = AppDelegate.swift; sourceTree = "<group>"; };
		0406C9F42301C8880075A96B /* Assets.xcassets */ = {isa = PBXFileReference; lastKnownFileType = folder.assetcatalog; path = Assets.xcassets; sourceTree = "<group>"; };
		0406C9F72301C8880075A96B /* Base */ = {isa = PBXFileReference; lastKnownFileType = file.storyboard; name = Base; path = Base.lproj/LaunchScreen.storyboard; sourceTree = "<group>"; };
		0406C9F92301C8880075A96B /* Info.plist */ = {isa = PBXFileReference; lastKnownFileType = text.plist.xml; path = Info.plist; sourceTree = "<group>"; };
		040930A9231A7A6800C0EF8F /* Toast.swift */ = {isa = PBXFileReference; lastKnownFileType = sourcecode.swift; path = Toast.swift; sourceTree = "<group>"; };
		040930AB231A7A7400C0EF8F /* Loader.swift */ = {isa = PBXFileReference; lastKnownFileType = sourcecode.swift; path = Loader.swift; sourceTree = "<group>"; };
		040930AD231A7CC100C0EF8F /* AdditionalSearchKey.swift */ = {isa = PBXFileReference; lastKnownFileType = sourcecode.swift; path = AdditionalSearchKey.swift; sourceTree = "<group>"; };
		040930BA231A7E5600C0EF8F /* PhotoPresenterOutput.swift */ = {isa = PBXFileReference; fileEncoding = 4; lastKnownFileType = sourcecode.swift; path = PhotoPresenterOutput.swift; sourceTree = "<group>"; };
		040930BB231A7E5600C0EF8F /* PhotoPresenter.swift */ = {isa = PBXFileReference; fileEncoding = 4; lastKnownFileType = sourcecode.swift; path = PhotoPresenter.swift; sourceTree = "<group>"; };
		040930BC231A7E5600C0EF8F /* PhotoPresenterInput.swift */ = {isa = PBXFileReference; fileEncoding = 4; lastKnownFileType = sourcecode.swift; path = PhotoPresenterInput.swift; sourceTree = "<group>"; };
		040930BE231A7E5600C0EF8F /* PhotoRouterInput.swift */ = {isa = PBXFileReference; fileEncoding = 4; lastKnownFileType = sourcecode.swift; path = PhotoRouterInput.swift; sourceTree = "<group>"; };
		040930BF231A7E5600C0EF8F /* PhotoRouter.swift */ = {isa = PBXFileReference; fileEncoding = 4; lastKnownFileType = sourcecode.swift; path = PhotoRouter.swift; sourceTree = "<group>"; };
		040930C1231A7E5600C0EF8F /* PhotoViewController.xib */ = {isa = PBXFileReference; fileEncoding = 4; lastKnownFileType = file.xib; path = PhotoViewController.xib; sourceTree = "<group>"; };
		040930C2231A7E5600C0EF8F /* PhotoViewInput.swift */ = {isa = PBXFileReference; fileEncoding = 4; lastKnownFileType = sourcecode.swift; path = PhotoViewInput.swift; sourceTree = "<group>"; };
		040930C3231A7E5600C0EF8F /* PhotoViewOutput.swift */ = {isa = PBXFileReference; fileEncoding = 4; lastKnownFileType = sourcecode.swift; path = PhotoViewOutput.swift; sourceTree = "<group>"; };
		040930C4231A7E5600C0EF8F /* PhotoViewController.swift */ = {isa = PBXFileReference; fileEncoding = 4; lastKnownFileType = sourcecode.swift; path = PhotoViewController.swift; sourceTree = "<group>"; };
		040930C6231A7E5600C0EF8F /* PhotoConfigurator.swift */ = {isa = PBXFileReference; fileEncoding = 4; lastKnownFileType = sourcecode.swift; path = PhotoConfigurator.swift; sourceTree = "<group>"; };
		040F240223041FCA00883C5F /* CityResponse.swift */ = {isa = PBXFileReference; lastKnownFileType = sourcecode.swift; path = CityResponse.swift; sourceTree = "<group>"; };
		040F2405230425C900883C5F /* en */ = {isa = PBXFileReference; lastKnownFileType = text.plist.strings; name = en; path = en.lproj/Localizable.strings; sourceTree = "<group>"; };
		040F2407230426C100883C5F /* StyleWrapper+UIView.swift */ = {isa = PBXFileReference; lastKnownFileType = sourcecode.swift; path = "StyleWrapper+UIView.swift"; sourceTree = "<group>"; };
		0411E90E2312EE660084452A /* UIImageView+getScaledImageSize.swift */ = {isa = PBXFileReference; lastKnownFileType = sourcecode.swift; path = "UIImageView+getScaledImageSize.swift"; sourceTree = "<group>"; };
		0463114E2301CA6C00C640E8 /* AppConfiguration.swift */ = {isa = PBXFileReference; lastKnownFileType = sourcecode.swift; path = AppConfiguration.swift; sourceTree = "<group>"; };
		046311502301CA7D00C640E8 /* AppDefaults.swift */ = {isa = PBXFileReference; lastKnownFileType = sourcecode.swift; path = AppDefaults.swift; sourceTree = "<group>"; };
		046311562301CAAC00C640E8 /* AppAssets.swift */ = {isa = PBXFileReference; lastKnownFileType = sourcecode.swift; path = AppAssets.swift; sourceTree = "<group>"; };
		046311582301CB9F00C640E8 /* AppLocalization.swift */ = {isa = PBXFileReference; lastKnownFileType = sourcecode.swift; path = AppLocalization.swift; sourceTree = "<group>"; };
		0463115A2301CBAB00C640E8 /* AppLocalizationManager.swift */ = {isa = PBXFileReference; lastKnownFileType = sourcecode.swift; path = AppLocalizationManager.swift; sourceTree = "<group>"; };
		0463115C2301CBB100C640E8 /* Localizable.swift */ = {isa = PBXFileReference; lastKnownFileType = sourcecode.swift; path = Localizable.swift; sourceTree = "<group>"; };
		0463116E2301CC3C00C640E8 /* PTRootUI.swift */ = {isa = PBXFileReference; fileEncoding = 4; lastKnownFileType = sourcecode.swift; path = PTRootUI.swift; sourceTree = "<group>"; };
		0463116F2301CC3C00C640E8 /* PT Root UI_Light.otf */ = {isa = PBXFileReference; lastKnownFileType = file; path = "PT Root UI_Light.otf"; sourceTree = "<group>"; };
		046311702301CC3C00C640E8 /* PT Root UI_Regular.otf */ = {isa = PBXFileReference; lastKnownFileType = file; path = "PT Root UI_Regular.otf"; sourceTree = "<group>"; };
		046311712301CC3C00C640E8 /* PT Root UI_Bold.otf */ = {isa = PBXFileReference; lastKnownFileType = file; path = "PT Root UI_Bold.otf"; sourceTree = "<group>"; };
		046311722301CC3C00C640E8 /* PT Root UI_Medium.otf */ = {isa = PBXFileReference; lastKnownFileType = file; path = "PT Root UI_Medium.otf"; sourceTree = "<group>"; };
		046311782301CC5300C640E8 /* AppTheme.swift */ = {isa = PBXFileReference; lastKnownFileType = sourcecode.swift; path = AppTheme.swift; sourceTree = "<group>"; };
		0463117A2301CC5E00C640E8 /* AppThemeManager.swift */ = {isa = PBXFileReference; lastKnownFileType = sourcecode.swift; path = AppThemeManager.swift; sourceTree = "<group>"; };
		0463117C2301CC8C00C640E8 /* Stylable.swift */ = {isa = PBXFileReference; lastKnownFileType = sourcecode.swift; path = Stylable.swift; sourceTree = "<group>"; };
		0463117E2301CC9200C640E8 /* StyleWrapper.swift */ = {isa = PBXFileReference; lastKnownFileType = sourcecode.swift; path = StyleWrapper.swift; sourceTree = "<group>"; };
		046311802301CCAD00C640E8 /* StyleWrapper+UILabel.swift */ = {isa = PBXFileReference; lastKnownFileType = sourcecode.swift; path = "StyleWrapper+UILabel.swift"; sourceTree = "<group>"; };
		046311872301CD8F00C640E8 /* Reachability.swift */ = {isa = PBXFileReference; lastKnownFileType = sourcecode.swift; path = Reachability.swift; sourceTree = "<group>"; };
		046311892301CDA800C640E8 /* BasicNavigationController.swift */ = {isa = PBXFileReference; lastKnownFileType = sourcecode.swift; path = BasicNavigationController.swift; sourceTree = "<group>"; };
		0463118B2301CDD300C640E8 /* UIColor+hex.swift */ = {isa = PBXFileReference; lastKnownFileType = sourcecode.swift; path = "UIColor+hex.swift"; sourceTree = "<group>"; };
		0473F50923032199005412BF /* MainPresenter.swift */ = {isa = PBXFileReference; fileEncoding = 4; lastKnownFileType = sourcecode.swift; path = MainPresenter.swift; sourceTree = "<group>"; };
		0473F50A23032199005412BF /* MainPresenterOutput.swift */ = {isa = PBXFileReference; fileEncoding = 4; lastKnownFileType = sourcecode.swift; path = MainPresenterOutput.swift; sourceTree = "<group>"; };
		0473F50B23032199005412BF /* MainPresenterInput.swift */ = {isa = PBXFileReference; fileEncoding = 4; lastKnownFileType = sourcecode.swift; path = MainPresenterInput.swift; sourceTree = "<group>"; };
		0473F50D23032199005412BF /* MainRouterInput.swift */ = {isa = PBXFileReference; fileEncoding = 4; lastKnownFileType = sourcecode.swift; path = MainRouterInput.swift; sourceTree = "<group>"; };
		0473F50E23032199005412BF /* MainRouter.swift */ = {isa = PBXFileReference; fileEncoding = 4; lastKnownFileType = sourcecode.swift; path = MainRouter.swift; sourceTree = "<group>"; };
		0473F51023032199005412BF /* MainViewInput.swift */ = {isa = PBXFileReference; fileEncoding = 4; lastKnownFileType = sourcecode.swift; path = MainViewInput.swift; sourceTree = "<group>"; };
		0473F51123032199005412BF /* MainViewController.xib */ = {isa = PBXFileReference; fileEncoding = 4; lastKnownFileType = file.xib; path = MainViewController.xib; sourceTree = "<group>"; };
		0473F51223032199005412BF /* MainViewOutput.swift */ = {isa = PBXFileReference; fileEncoding = 4; lastKnownFileType = sourcecode.swift; path = MainViewOutput.swift; sourceTree = "<group>"; };
		0473F51323032199005412BF /* MainViewController.swift */ = {isa = PBXFileReference; fileEncoding = 4; lastKnownFileType = sourcecode.swift; path = MainViewController.swift; sourceTree = "<group>"; };
		0473F51523032199005412BF /* MainConfigurator.swift */ = {isa = PBXFileReference; fileEncoding = 4; lastKnownFileType = sourcecode.swift; path = MainConfigurator.swift; sourceTree = "<group>"; };
		0473F52923033C56005412BF /* String+className.swift */ = {isa = PBXFileReference; lastKnownFileType = sourcecode.swift; path = "String+className.swift"; sourceTree = "<group>"; };
		0473F52B23033CCE005412BF /* UIViewController+identifier.swift */ = {isa = PBXFileReference; lastKnownFileType = sourcecode.swift; path = "UIViewController+identifier.swift"; sourceTree = "<group>"; };
		04B6137123131BB30099525D /* StyleWrapper+UIButton.swift */ = {isa = PBXFileReference; lastKnownFileType = sourcecode.swift; path = "StyleWrapper+UIButton.swift"; sourceTree = "<group>"; };
		3918795E5080120FA7E068E4 /* Pods-RandomPlacePhoto.debug.xcconfig */ = {isa = PBXFileReference; includeInIndex = 1; lastKnownFileType = text.xcconfig; name = "Pods-RandomPlacePhoto.debug.xcconfig"; path = "Target Support Files/Pods-RandomPlacePhoto/Pods-RandomPlacePhoto.debug.xcconfig"; sourceTree = "<group>"; };
		50E8ED9F7363EE3990618BFB /* Pods_RandomPlacePhoto.framework */ = {isa = PBXFileReference; explicitFileType = wrapper.framework; includeInIndex = 0; path = Pods_RandomPlacePhoto.framework; sourceTree = BUILT_PRODUCTS_DIR; };
		88A7C08665D533ABF83A9AA8 /* Pods-RandomPlacePhoto.release.xcconfig */ = {isa = PBXFileReference; includeInIndex = 1; lastKnownFileType = text.xcconfig; name = "Pods-RandomPlacePhoto.release.xcconfig"; path = "Target Support Files/Pods-RandomPlacePhoto/Pods-RandomPlacePhoto.release.xcconfig"; sourceTree = "<group>"; };
/* End PBXFileReference section */

/* Begin PBXFrameworksBuildPhase section */
		0406C9E72301C8860075A96B /* Frameworks */ = {
			isa = PBXFrameworksBuildPhase;
			buildActionMask = 2147483647;
			files = (
				8FBB3C8E0B415FED3B9ADB94 /* Pods_RandomPlacePhoto.framework in Frameworks */,
			);
			runOnlyForDeploymentPostprocessing = 0;
		};
/* End PBXFrameworksBuildPhase section */

/* Begin PBXGroup section */
		040508E22302CB2800B958C8 /* Other */ = {
			isa = PBXGroup;
			children = (
				040508E32302CBD500B958C8 /* cities.json */,
			);
			path = Other;
			sourceTree = "<group>";
		};
		040508E52302CDFE00B958C8 /* City */ = {
			isa = PBXGroup;
			children = (
				040508E62302CE0C00B958C8 /* CityStorage.swift */,
				040508E82302CE5F00B958C8 /* Model */,
			);
			path = City;
			sourceTree = "<group>";
		};
		040508E82302CE5F00B958C8 /* Model */ = {
			isa = PBXGroup;
			children = (
				040930AD231A7CC100C0EF8F /* AdditionalSearchKey.swift */,
				040508E92302CE6600B958C8 /* City.swift */,
				040F240223041FCA00883C5F /* CityResponse.swift */,
			);
			path = Model;
			sourceTree = "<group>";
		};
		040508EB230310D200B958C8 /* Main */ = {
			isa = PBXGroup;
			children = (
				0473F51423032199005412BF /* Configurator */,
				0473F50823032199005412BF /* Presenter */,
				0473F50C23032199005412BF /* Router */,
				0473F50F23032199005412BF /* View */,
			);
			path = Main;
			sourceTree = "<group>";
		};
		0406C9E12301C8860075A96B = {
			isa = PBXGroup;
			children = (
				0406C9EC2301C8860075A96B /* RandomPlacePhoto */,
				0406C9EB2301C8860075A96B /* Products */,
				484F88B0D5CD1DA9A0752097 /* Pods */,
				8D565805B099A0EECE11F1B9 /* Frameworks */,
			);
			sourceTree = "<group>";
		};
		0406C9EB2301C8860075A96B /* Products */ = {
			isa = PBXGroup;
			children = (
				0406C9EA2301C8860075A96B /* RandomPlacePhoto.app */,
			);
			name = Products;
			sourceTree = "<group>";
		};
		0406C9EC2301C8860075A96B /* RandomPlacePhoto */ = {
			isa = PBXGroup;
			children = (
				046311492301CA1E00C640E8 /* Application Layer */,
				0463114B2301CA2D00C640E8 /* Data Layer */,
				0463114A2301CA2400C640E8 /* Domain Layer */,
				0463114C2301CA3300C640E8 /* Presentation Layer */,
				0463114D2301CA3700C640E8 /* Service Layer */,
			);
			path = RandomPlacePhoto;
			sourceTree = "<group>";
		};
		040930A8231A7A2F00C0EF8F /* View Helper */ = {
			isa = PBXGroup;
			children = (
				040930A9231A7A6800C0EF8F /* Toast.swift */,
				040930AB231A7A7400C0EF8F /* Loader.swift */,
			);
			path = "View Helper";
			sourceTree = "<group>";
		};
		040930B0231A7E2700C0EF8F /* Photo */ = {
			isa = PBXGroup;
			children = (
				040930C5231A7E5600C0EF8F /* Configurator */,
				040930B9231A7E5600C0EF8F /* Presenter */,
				040930BD231A7E5600C0EF8F /* Router */,
				040930C0231A7E5600C0EF8F /* View */,
			);
			path = Photo;
			sourceTree = "<group>";
		};
		040930B9231A7E5600C0EF8F /* Presenter */ = {
			isa = PBXGroup;
			children = (
				040930BB231A7E5600C0EF8F /* PhotoPresenter.swift */,
				040930BC231A7E5600C0EF8F /* PhotoPresenterInput.swift */,
				040930BA231A7E5600C0EF8F /* PhotoPresenterOutput.swift */,
			);
			path = Presenter;
			sourceTree = "<group>";
		};
		040930BD231A7E5600C0EF8F /* Router */ = {
			isa = PBXGroup;
			children = (
				040930BF231A7E5600C0EF8F /* PhotoRouter.swift */,
				040930BE231A7E5600C0EF8F /* PhotoRouterInput.swift */,
			);
			path = Router;
			sourceTree = "<group>";
		};
		040930C0231A7E5600C0EF8F /* View */ = {
			isa = PBXGroup;
			children = (
				040930C4231A7E5600C0EF8F /* PhotoViewController.swift */,
				040930C1231A7E5600C0EF8F /* PhotoViewController.xib */,
				040930C2231A7E5600C0EF8F /* PhotoViewInput.swift */,
				040930C3231A7E5600C0EF8F /* PhotoViewOutput.swift */,
			);
			path = View;
			sourceTree = "<group>";
		};
		040930C5231A7E5600C0EF8F /* Configurator */ = {
			isa = PBXGroup;
			children = (
				040930C6231A7E5600C0EF8F /* PhotoConfigurator.swift */,
			);
			path = Configurator;
			sourceTree = "<group>";
		};
		046311492301CA1E00C640E8 /* Application Layer */ = {
			isa = PBXGroup;
			children = (
				0463114E2301CA6C00C640E8 /* AppConfiguration.swift */,
				046311502301CA7D00C640E8 /* AppDefaults.swift */,
				0406C9ED2301C8860075A96B /* AppDelegate.swift */,
				0406C9F92301C8880075A96B /* Info.plist */,
				0406C9F62301C8880075A96B /* LaunchScreen.storyboard */,
				046311522301CA7F00C640E8 /* Resourses */,
			);
			path = "Application Layer";
			sourceTree = "<group>";
		};
		0463114A2301CA2400C640E8 /* Domain Layer */ = {
			isa = PBXGroup;
			children = (
				046311822301CCBC00C640E8 /* Extensions */,
			);
			path = "Domain Layer";
			sourceTree = "<group>";
		};
		0463114B2301CA2D00C640E8 /* Data Layer */ = {
			isa = PBXGroup;
			children = (
				040508E52302CDFE00B958C8 /* City */,
			);
			path = "Data Layer";
			sourceTree = "<group>";
		};
		0463114C2301CA3300C640E8 /* Presentation Layer */ = {
			isa = PBXGroup;
			children = (
				046311852301CD0400C640E8 /* Components */,
				046311842301CD0000C640E8 /* Navigation */,
				046311832301CCF900C640E8 /* User Stories */,
			);
			path = "Presentation Layer";
			sourceTree = "<group>";
		};
		0463114D2301CA3700C640E8 /* Service Layer */ = {
			isa = PBXGroup;
			children = (
				040930A8231A7A2F00C0EF8F /* View Helper */,
				046311862301CD8500C640E8 /* Network */,
			);
			path = "Service Layer";
			sourceTree = "<group>";
		};
		046311522301CA7F00C640E8 /* Resourses */ = {
			isa = PBXGroup;
			children = (
				046311552301CA9C00C640E8 /* Assets */,
				046311542301CA9700C640E8 /* Localization */,
				040508E22302CB2800B958C8 /* Other */,
				046311532301CA9300C640E8 /* Style */,
			);
			path = Resourses;
			sourceTree = "<group>";
		};
		046311532301CA9300C640E8 /* Style */ = {
			isa = PBXGroup;
			children = (
				046311782301CC5300C640E8 /* AppTheme.swift */,
				0463117A2301CC5E00C640E8 /* AppThemeManager.swift */,
				046311612301CBF500C640E8 /* Components */,
				0463116D2301CC3C00C640E8 /* Fonts */,
			);
			path = Style;
			sourceTree = "<group>";
		};
		046311542301CA9700C640E8 /* Localization */ = {
			isa = PBXGroup;
			children = (
				046311582301CB9F00C640E8 /* AppLocalization.swift */,
				0463115A2301CBAB00C640E8 /* AppLocalizationManager.swift */,
				040F2406230425C900883C5F /* Localizable.strings */,
				0463115C2301CBB100C640E8 /* Localizable.swift */,
			);
			path = Localization;
			sourceTree = "<group>";
		};
		046311552301CA9C00C640E8 /* Assets */ = {
			isa = PBXGroup;
			children = (
				0406C9F42301C8880075A96B /* Assets.xcassets */,
				046311562301CAAC00C640E8 /* AppAssets.swift */,
			);
			path = Assets;
			sourceTree = "<group>";
		};
		046311612301CBF500C640E8 /* Components */ = {
			isa = PBXGroup;
			children = (
				0463117C2301CC8C00C640E8 /* Stylable.swift */,
				04B6137123131BB30099525D /* StyleWrapper+UIButton.swift */,
				0463117E2301CC9200C640E8 /* StyleWrapper.swift */,
				046311802301CCAD00C640E8 /* StyleWrapper+UILabel.swift */,
				040F2407230426C100883C5F /* StyleWrapper+UIView.swift */,
			);
			path = Components;
			sourceTree = "<group>";
		};
		0463116D2301CC3C00C640E8 /* Fonts */ = {
			isa = PBXGroup;
			children = (
				0463116E2301CC3C00C640E8 /* PTRootUI.swift */,
				0463116F2301CC3C00C640E8 /* PT Root UI_Light.otf */,
				046311702301CC3C00C640E8 /* PT Root UI_Regular.otf */,
				046311712301CC3C00C640E8 /* PT Root UI_Bold.otf */,
				046311722301CC3C00C640E8 /* PT Root UI_Medium.otf */,
			);
			path = Fonts;
			sourceTree = "<group>";
		};
		046311822301CCBC00C640E8 /* Extensions */ = {
			isa = PBXGroup;
			children = (
				040359F1231A9BF300F16404 /* Data+dataToFile.swift */,
				0473F52923033C56005412BF /* String+className.swift */,
				0463118B2301CDD300C640E8 /* UIColor+hex.swift */,
				0411E90E2312EE660084452A /* UIImageView+getScaledImageSize.swift */,
				0473F52B23033CCE005412BF /* UIViewController+identifier.swift */,
			);
			path = Extensions;
			sourceTree = "<group>";
		};
		046311832301CCF900C640E8 /* User Stories */ = {
			isa = PBXGroup;
			children = (
				040508EB230310D200B958C8 /* Main */,
				040930B0231A7E2700C0EF8F /* Photo */,
			);
			path = "User Stories";
			sourceTree = "<group>";
		};
		046311842301CD0000C640E8 /* Navigation */ = {
			isa = PBXGroup;
			children = (
				046311892301CDA800C640E8 /* BasicNavigationController.swift */,
			);
			path = Navigation;
			sourceTree = "<group>";
		};
		046311852301CD0400C640E8 /* Components */ = {
			isa = PBXGroup;
			children = (
			);
			path = Components;
			sourceTree = "<group>";
		};
		046311862301CD8500C640E8 /* Network */ = {
			isa = PBXGroup;
			children = (
				046311872301CD8F00C640E8 /* Reachability.swift */,
			);
			path = Network;
			sourceTree = "<group>";
		};
		0473F50823032199005412BF /* Presenter */ = {
			isa = PBXGroup;
			children = (
				0473F50923032199005412BF /* MainPresenter.swift */,
				0473F50B23032199005412BF /* MainPresenterInput.swift */,
				0473F50A23032199005412BF /* MainPresenterOutput.swift */,
			);
			path = Presenter;
			sourceTree = "<group>";
		};
		0473F50C23032199005412BF /* Router */ = {
			isa = PBXGroup;
			children = (
				0473F50E23032199005412BF /* MainRouter.swift */,
				0473F50D23032199005412BF /* MainRouterInput.swift */,
			);
			path = Router;
			sourceTree = "<group>";
		};
		0473F50F23032199005412BF /* View */ = {
			isa = PBXGroup;
			children = (
				0473F51323032199005412BF /* MainViewController.swift */,
				0473F51123032199005412BF /* MainViewController.xib */,
				0473F51023032199005412BF /* MainViewInput.swift */,
				0473F51223032199005412BF /* MainViewOutput.swift */,
			);
			path = View;
			sourceTree = "<group>";
		};
		0473F51423032199005412BF /* Configurator */ = {
			isa = PBXGroup;
			children = (
				0473F51523032199005412BF /* MainConfigurator.swift */,
			);
			path = Configurator;
			sourceTree = "<group>";
		};
		484F88B0D5CD1DA9A0752097 /* Pods */ = {
			isa = PBXGroup;
			children = (
				3918795E5080120FA7E068E4 /* Pods-RandomPlacePhoto.debug.xcconfig */,
				88A7C08665D533ABF83A9AA8 /* Pods-RandomPlacePhoto.release.xcconfig */,
			);
			path = Pods;
			sourceTree = "<group>";
		};
		8D565805B099A0EECE11F1B9 /* Frameworks */ = {
			isa = PBXGroup;
			children = (
				50E8ED9F7363EE3990618BFB /* Pods_RandomPlacePhoto.framework */,
			);
			name = Frameworks;
			sourceTree = "<group>";
		};
/* End PBXGroup section */

/* Begin PBXNativeTarget section */
		0406C9E92301C8860075A96B /* RandomPlacePhoto */ = {
			isa = PBXNativeTarget;
			buildConfigurationList = 0406C9FC2301C8880075A96B /* Build configuration list for PBXNativeTarget "RandomPlacePhoto" */;
			buildPhases = (
				0F8C5CAD52255B473627AEF3 /* [CP] Check Pods Manifest.lock */,
				0406C9E62301C8860075A96B /* Sources */,
				0406C9E72301C8860075A96B /* Frameworks */,
				0406C9E82301C8860075A96B /* Resources */,
				A1ACD57DBAF36C6516EE3ADA /* [CP] Embed Pods Frameworks */,
				046311972301F1DF00C640E8 /* ShellScript */,
			);
			buildRules = (
			);
			dependencies = (
			);
			name = RandomPlacePhoto;
			productName = RandomPlacePhoto;
			productReference = 0406C9EA2301C8860075A96B /* RandomPlacePhoto.app */;
			productType = "com.apple.product-type.application";
		};
/* End PBXNativeTarget section */

/* Begin PBXProject section */
		0406C9E22301C8860075A96B /* Project object */ = {
			isa = PBXProject;
			attributes = {
				LastSwiftUpdateCheck = 1030;
				LastUpgradeCheck = 1030;
				ORGANIZATIONNAME = "Vladislav Markov";
				TargetAttributes = {
					0406C9E92301C8860075A96B = {
						CreatedOnToolsVersion = 10.3;
					};
				};
			};
			buildConfigurationList = 0406C9E52301C8860075A96B /* Build configuration list for PBXProject "RandomPlacePhoto" */;
			compatibilityVersion = "Xcode 9.3";
			developmentRegion = en;
			hasScannedForEncodings = 0;
			knownRegions = (
				en,
				Base,
			);
			mainGroup = 0406C9E12301C8860075A96B;
			productRefGroup = 0406C9EB2301C8860075A96B /* Products */;
			projectDirPath = "";
			projectRoot = "";
			targets = (
				0406C9E92301C8860075A96B /* RandomPlacePhoto */,
			);
		};
/* End PBXProject section */

/* Begin PBXResourcesBuildPhase section */
		0406C9E82301C8860075A96B /* Resources */ = {
			isa = PBXResourcesBuildPhase;
			buildActionMask = 2147483647;
			files = (
				046311762301CC3C00C640E8 /* PT Root UI_Bold.otf in Resources */,
				040930CC231A7E5600C0EF8F /* PhotoViewController.xib in Resources */,
				046311742301CC3C00C640E8 /* PT Root UI_Light.otf in Resources */,
				046311752301CC3C00C640E8 /* PT Root UI_Regular.otf in Resources */,
				0406C9F82301C8880075A96B /* LaunchScreen.storyboard in Resources */,
				0473F51C23032199005412BF /* MainViewController.xib in Resources */,
				040508E42302CBD500B958C8 /* cities.json in Resources */,
				040F2404230425C900883C5F /* Localizable.strings in Resources */,
				046311772301CC3C00C640E8 /* PT Root UI_Medium.otf in Resources */,
				0406C9F52301C8880075A96B /* Assets.xcassets in Resources */,
			);
			runOnlyForDeploymentPostprocessing = 0;
		};
/* End PBXResourcesBuildPhase section */

/* Begin PBXShellScriptBuildPhase section */
		046311972301F1DF00C640E8 /* ShellScript */ = {
			isa = PBXShellScriptBuildPhase;
			buildActionMask = 2147483647;
			files = (
			);
			inputFileListPaths = (
			);
			inputPaths = (
			);
			outputFileListPaths = (
			);
			outputPaths = (
			);
			runOnlyForDeploymentPostprocessing = 0;
			shellPath = /bin/sh;
			shellScript = "if which swiftlint >/dev/null; then\nswiftlint\nelse\necho \"warning: SwiftLint not installed, download from https://github.com/realm/SwiftLint\"\nfi\n";
		};
		0F8C5CAD52255B473627AEF3 /* [CP] Check Pods Manifest.lock */ = {
			isa = PBXShellScriptBuildPhase;
			buildActionMask = 2147483647;
			files = (
			);
			inputFileListPaths = (
			);
			inputPaths = (
				"${PODS_PODFILE_DIR_PATH}/Podfile.lock",
				"${PODS_ROOT}/Manifest.lock",
			);
			name = "[CP] Check Pods Manifest.lock";
			outputFileListPaths = (
			);
			outputPaths = (
				"$(DERIVED_FILE_DIR)/Pods-RandomPlacePhoto-checkManifestLockResult.txt",
			);
			runOnlyForDeploymentPostprocessing = 0;
			shellPath = /bin/sh;
			shellScript = "diff \"${PODS_PODFILE_DIR_PATH}/Podfile.lock\" \"${PODS_ROOT}/Manifest.lock\" > /dev/null\nif [ $? != 0 ] ; then\n    # print error to STDERR\n    echo \"error: The sandbox is not in sync with the Podfile.lock. Run 'pod install' or update your CocoaPods installation.\" >&2\n    exit 1\nfi\n# This output is used by Xcode 'outputs' to avoid re-running this script phase.\necho \"SUCCESS\" > \"${SCRIPT_OUTPUT_FILE_0}\"\n";
			showEnvVarsInLog = 0;
		};
		A1ACD57DBAF36C6516EE3ADA /* [CP] Embed Pods Frameworks */ = {
			isa = PBXShellScriptBuildPhase;
			buildActionMask = 2147483647;
			files = (
			);
			inputFileListPaths = (
			);
			inputPaths = (
				"${PODS_ROOT}/Target Support Files/Pods-RandomPlacePhoto/Pods-RandomPlacePhoto-frameworks.sh",
				"${BUILT_PRODUCTS_DIR}/Alamofire/Alamofire.framework",
				"${BUILT_PRODUCTS_DIR}/FlickrKit/FlickrKit.framework",
				"${BUILT_PRODUCTS_DIR}/Kingfisher/Kingfisher.framework",
				"${BUILT_PRODUCTS_DIR}/NVActivityIndicatorView/NVActivityIndicatorView.framework",
				"${BUILT_PRODUCTS_DIR}/Toast-Swift/Toast_Swift.framework",
			);
			name = "[CP] Embed Pods Frameworks";
			outputFileListPaths = (
			);
			outputPaths = (
				"${TARGET_BUILD_DIR}/${FRAMEWORKS_FOLDER_PATH}/Alamofire.framework",
				"${TARGET_BUILD_DIR}/${FRAMEWORKS_FOLDER_PATH}/FlickrKit.framework",
				"${TARGET_BUILD_DIR}/${FRAMEWORKS_FOLDER_PATH}/Kingfisher.framework",
				"${TARGET_BUILD_DIR}/${FRAMEWORKS_FOLDER_PATH}/NVActivityIndicatorView.framework",
				"${TARGET_BUILD_DIR}/${FRAMEWORKS_FOLDER_PATH}/Toast_Swift.framework",
			);
			runOnlyForDeploymentPostprocessing = 0;
			shellPath = /bin/sh;
			shellScript = "\"${PODS_ROOT}/Target Support Files/Pods-RandomPlacePhoto/Pods-RandomPlacePhoto-frameworks.sh\"\n";
			showEnvVarsInLog = 0;
		};
/* End PBXShellScriptBuildPhase section */

/* Begin PBXSourcesBuildPhase section */
		0406C9E62301C8860075A96B /* Sources */ = {
			isa = PBXSourcesBuildPhase;
			buildActionMask = 2147483647;
			files = (
				0473F52C23033CCE005412BF /* UIViewController+identifier.swift in Sources */,
				046311882301CD8F00C640E8 /* Reachability.swift in Sources */,
				0473F51E23032199005412BF /* MainViewController.swift in Sources */,
				0473F51F23032199005412BF /* MainConfigurator.swift in Sources */,
				046311812301CCAD00C640E8 /* StyleWrapper+UILabel.swift in Sources */,
				040508EA2302CE6600B958C8 /* City.swift in Sources */,
				0463115B2301CBAB00C640E8 /* AppLocalizationManager.swift in Sources */,
				040508E72302CE0C00B958C8 /* CityStorage.swift in Sources */,
				0463115D2301CBB100C640E8 /* Localizable.swift in Sources */,
				046311592301CB9F00C640E8 /* AppLocalization.swift in Sources */,
				0463118A2301CDA800C640E8 /* BasicNavigationController.swift in Sources */,
				040F2408230426C100883C5F /* StyleWrapper+UIView.swift in Sources */,
				0473F51623032199005412BF /* MainPresenter.swift in Sources */,
				0463117D2301CC8C00C640E8 /* Stylable.swift in Sources */,
				0463117B2301CC5E00C640E8 /* AppThemeManager.swift in Sources */,
				0473F51923032199005412BF /* MainRouterInput.swift in Sources */,
				046311792301CC5300C640E8 /* AppTheme.swift in Sources */,
				0463118C2301CDD300C640E8 /* UIColor+hex.swift in Sources */,
				04B6137223131BB30099525D /* StyleWrapper+UIButton.swift in Sources */,
				040930AC231A7A7400C0EF8F /* Loader.swift in Sources */,
				040930AA231A7A6800C0EF8F /* Toast.swift in Sources */,
				040930CF231A7E5600C0EF8F /* PhotoViewController.swift in Sources */,
				040930CB231A7E5600C0EF8F /* PhotoRouter.swift in Sources */,
				040930C8231A7E5600C0EF8F /* PhotoPresenter.swift in Sources */,
				0473F51B23032199005412BF /* MainViewInput.swift in Sources */,
				0463114F2301CA6C00C640E8 /* AppConfiguration.swift in Sources */,
				0406C9EE2301C8860075A96B /* AppDelegate.swift in Sources */,
				046311572301CAAC00C640E8 /* AppAssets.swift in Sources */,
				0411E90F2312EE660084452A /* UIImageView+getScaledImageSize.swift in Sources */,
				046311512301CA7D00C640E8 /* AppDefaults.swift in Sources */,
				040930CA231A7E5600C0EF8F /* PhotoRouterInput.swift in Sources */,
				040930CD231A7E5600C0EF8F /* PhotoViewInput.swift in Sources */,
				040930C7231A7E5600C0EF8F /* PhotoPresenterOutput.swift in Sources */,
				046311732301CC3C00C640E8 /* PTRootUI.swift in Sources */,
				040930D0231A7E5600C0EF8F /* PhotoConfigurator.swift in Sources */,
				040930AE231A7CC100C0EF8F /* AdditionalSearchKey.swift in Sources */,
				040359F2231A9BF300F16404 /* Data+dataToFile.swift in Sources */,
				0473F51723032199005412BF /* MainPresenterOutput.swift in Sources */,
				040930C9231A7E5600C0EF8F /* PhotoPresenterInput.swift in Sources */,
				040930CE231A7E5600C0EF8F /* PhotoViewOutput.swift in Sources */,
				0473F51D23032199005412BF /* MainViewOutput.swift in Sources */,
				040F240323041FCA00883C5F /* CityResponse.swift in Sources */,
				0463117F2301CC9200C640E8 /* StyleWrapper.swift in Sources */,
				0473F51823032199005412BF /* MainPresenterInput.swift in Sources */,
				0473F52A23033C56005412BF /* String+className.swift in Sources */,
				0473F51A23032199005412BF /* MainRouter.swift in Sources */,
			);
			runOnlyForDeploymentPostprocessing = 0;
		};
/* End PBXSourcesBuildPhase section */

/* Begin PBXVariantGroup section */
		0406C9F62301C8880075A96B /* LaunchScreen.storyboard */ = {
			isa = PBXVariantGroup;
			children = (
				0406C9F72301C8880075A96B /* Base */,
			);
			name = LaunchScreen.storyboard;
			sourceTree = "<group>";
		};
		040F2406230425C900883C5F /* Localizable.strings */ = {
			isa = PBXVariantGroup;
			children = (
				040F2405230425C900883C5F /* en */,
			);
			name = Localizable.strings;
			sourceTree = "<group>";
		};
/* End PBXVariantGroup section */

/* Begin XCBuildConfiguration section */
		0406C9FA2301C8880075A96B /* Debug */ = {
			isa = XCBuildConfiguration;
			buildSettings = {
				ALWAYS_SEARCH_USER_PATHS = NO;
				CLANG_ANALYZER_NONNULL = YES;
				CLANG_ANALYZER_NUMBER_OBJECT_CONVERSION = YES_AGGRESSIVE;
				CLANG_CXX_LANGUAGE_STANDARD = "gnu++14";
				CLANG_CXX_LIBRARY = "libc++";
				CLANG_ENABLE_MODULES = YES;
				CLANG_ENABLE_OBJC_ARC = YES;
				CLANG_ENABLE_OBJC_WEAK = YES;
				CLANG_WARN_BLOCK_CAPTURE_AUTORELEASING = YES;
				CLANG_WARN_BOOL_CONVERSION = YES;
				CLANG_WARN_COMMA = YES;
				CLANG_WARN_CONSTANT_CONVERSION = YES;
				CLANG_WARN_DEPRECATED_OBJC_IMPLEMENTATIONS = YES;
				CLANG_WARN_DIRECT_OBJC_ISA_USAGE = YES_ERROR;
				CLANG_WARN_DOCUMENTATION_COMMENTS = YES;
				CLANG_WARN_EMPTY_BODY = YES;
				CLANG_WARN_ENUM_CONVERSION = YES;
				CLANG_WARN_INFINITE_RECURSION = YES;
				CLANG_WARN_INT_CONVERSION = YES;
				CLANG_WARN_NON_LITERAL_NULL_CONVERSION = YES;
				CLANG_WARN_OBJC_IMPLICIT_RETAIN_SELF = YES;
				CLANG_WARN_OBJC_LITERAL_CONVERSION = YES;
				CLANG_WARN_OBJC_ROOT_CLASS = YES_ERROR;
				CLANG_WARN_RANGE_LOOP_ANALYSIS = YES;
				CLANG_WARN_STRICT_PROTOTYPES = YES;
				CLANG_WARN_SUSPICIOUS_MOVE = YES;
				CLANG_WARN_UNGUARDED_AVAILABILITY = YES_AGGRESSIVE;
				CLANG_WARN_UNREACHABLE_CODE = YES;
				CLANG_WARN__DUPLICATE_METHOD_MATCH = YES;
				CODE_SIGN_IDENTITY = "iPhone Developer";
				COPY_PHASE_STRIP = NO;
				DEBUG_INFORMATION_FORMAT = dwarf;
				ENABLE_STRICT_OBJC_MSGSEND = YES;
				ENABLE_TESTABILITY = YES;
				GCC_C_LANGUAGE_STANDARD = gnu11;
				GCC_DYNAMIC_NO_PIC = NO;
				GCC_NO_COMMON_BLOCKS = YES;
				GCC_OPTIMIZATION_LEVEL = 0;
				GCC_PREPROCESSOR_DEFINITIONS = (
					"DEBUG=1",
					"$(inherited)",
				);
				GCC_WARN_64_TO_32_BIT_CONVERSION = YES;
				GCC_WARN_ABOUT_RETURN_TYPE = YES_ERROR;
				GCC_WARN_UNDECLARED_SELECTOR = YES;
				GCC_WARN_UNINITIALIZED_AUTOS = YES_AGGRESSIVE;
				GCC_WARN_UNUSED_FUNCTION = YES;
				GCC_WARN_UNUSED_VARIABLE = YES;
				IPHONEOS_DEPLOYMENT_TARGET = 12.4;
				MTL_ENABLE_DEBUG_INFO = INCLUDE_SOURCE;
				MTL_FAST_MATH = YES;
				ONLY_ACTIVE_ARCH = YES;
				SDKROOT = iphoneos;
				SWIFT_ACTIVE_COMPILATION_CONDITIONS = DEBUG;
				SWIFT_OPTIMIZATION_LEVEL = "-Onone";
			};
			name = Debug;
		};
		0406C9FB2301C8880075A96B /* Release */ = {
			isa = XCBuildConfiguration;
			buildSettings = {
				ALWAYS_SEARCH_USER_PATHS = NO;
				CLANG_ANALYZER_NONNULL = YES;
				CLANG_ANALYZER_NUMBER_OBJECT_CONVERSION = YES_AGGRESSIVE;
				CLANG_CXX_LANGUAGE_STANDARD = "gnu++14";
				CLANG_CXX_LIBRARY = "libc++";
				CLANG_ENABLE_MODULES = YES;
				CLANG_ENABLE_OBJC_ARC = YES;
				CLANG_ENABLE_OBJC_WEAK = YES;
				CLANG_WARN_BLOCK_CAPTURE_AUTORELEASING = YES;
				CLANG_WARN_BOOL_CONVERSION = YES;
				CLANG_WARN_COMMA = YES;
				CLANG_WARN_CONSTANT_CONVERSION = YES;
				CLANG_WARN_DEPRECATED_OBJC_IMPLEMENTATIONS = YES;
				CLANG_WARN_DIRECT_OBJC_ISA_USAGE = YES_ERROR;
				CLANG_WARN_DOCUMENTATION_COMMENTS = YES;
				CLANG_WARN_EMPTY_BODY = YES;
				CLANG_WARN_ENUM_CONVERSION = YES;
				CLANG_WARN_INFINITE_RECURSION = YES;
				CLANG_WARN_INT_CONVERSION = YES;
				CLANG_WARN_NON_LITERAL_NULL_CONVERSION = YES;
				CLANG_WARN_OBJC_IMPLICIT_RETAIN_SELF = YES;
				CLANG_WARN_OBJC_LITERAL_CONVERSION = YES;
				CLANG_WARN_OBJC_ROOT_CLASS = YES_ERROR;
				CLANG_WARN_RANGE_LOOP_ANALYSIS = YES;
				CLANG_WARN_STRICT_PROTOTYPES = YES;
				CLANG_WARN_SUSPICIOUS_MOVE = YES;
				CLANG_WARN_UNGUARDED_AVAILABILITY = YES_AGGRESSIVE;
				CLANG_WARN_UNREACHABLE_CODE = YES;
				CLANG_WARN__DUPLICATE_METHOD_MATCH = YES;
				CODE_SIGN_IDENTITY = "iPhone Developer";
				COPY_PHASE_STRIP = NO;
				DEBUG_INFORMATION_FORMAT = "dwarf-with-dsym";
				ENABLE_NS_ASSERTIONS = NO;
				ENABLE_STRICT_OBJC_MSGSEND = YES;
				GCC_C_LANGUAGE_STANDARD = gnu11;
				GCC_NO_COMMON_BLOCKS = YES;
				GCC_WARN_64_TO_32_BIT_CONVERSION = YES;
				GCC_WARN_ABOUT_RETURN_TYPE = YES_ERROR;
				GCC_WARN_UNDECLARED_SELECTOR = YES;
				GCC_WARN_UNINITIALIZED_AUTOS = YES_AGGRESSIVE;
				GCC_WARN_UNUSED_FUNCTION = YES;
				GCC_WARN_UNUSED_VARIABLE = YES;
				IPHONEOS_DEPLOYMENT_TARGET = 12.4;
				MTL_ENABLE_DEBUG_INFO = NO;
				MTL_FAST_MATH = YES;
				SDKROOT = iphoneos;
				SWIFT_COMPILATION_MODE = wholemodule;
				SWIFT_OPTIMIZATION_LEVEL = "-O";
				VALIDATE_PRODUCT = YES;
			};
			name = Release;
		};
		0406C9FD2301C8880075A96B /* Debug */ = {
			isa = XCBuildConfiguration;
			baseConfigurationReference = 3918795E5080120FA7E068E4 /* Pods-RandomPlacePhoto.debug.xcconfig */;
			buildSettings = {
				ASSETCATALOG_COMPILER_APPICON_NAME = AppIcon;
				CODE_SIGN_STYLE = Automatic;
				DEVELOPMENT_TEAM = J66DRM7UW9;
				INFOPLIST_FILE = "$(SRCROOT)/RandomPlacePhoto/Application Layer/Info.plist";
				IPHONEOS_DEPLOYMENT_TARGET = 12.0;
				LD_RUNPATH_SEARCH_PATHS = (
					"$(inherited)",
					"@executable_path/Frameworks",
				);
				PRODUCT_BUNDLE_IDENTIFIER = markov.vladislav.RandomPlacePhoto;
				PRODUCT_NAME = "$(TARGET_NAME)";
				SWIFT_VERSION = 5.0;
				TARGETED_DEVICE_FAMILY = 1;
			};
			name = Debug;
		};
		0406C9FE2301C8880075A96B /* Release */ = {
			isa = XCBuildConfiguration;
			baseConfigurationReference = 88A7C08665D533ABF83A9AA8 /* Pods-RandomPlacePhoto.release.xcconfig */;
			buildSettings = {
				ASSETCATALOG_COMPILER_APPICON_NAME = AppIcon;
				CODE_SIGN_STYLE = Automatic;
				DEVELOPMENT_TEAM = J66DRM7UW9;
				INFOPLIST_FILE = "$(SRCROOT)/RandomPlacePhoto/Application Layer/Info.plist";
				IPHONEOS_DEPLOYMENT_TARGET = 12.0;
				LD_RUNPATH_SEARCH_PATHS = (
					"$(inherited)",
					"@executable_path/Frameworks",
				);
				PRODUCT_BUNDLE_IDENTIFIER = markov.vladislav.RandomPlacePhoto;
				PRODUCT_NAME = "$(TARGET_NAME)";
				SWIFT_VERSION = 5.0;
				TARGETED_DEVICE_FAMILY = 1;
			};
			name = Release;
		};
/* End XCBuildConfiguration section */

/* Begin XCConfigurationList section */
		0406C9E52301C8860075A96B /* Build configuration list for PBXProject "RandomPlacePhoto" */ = {
			isa = XCConfigurationList;
			buildConfigurations = (
				0406C9FA2301C8880075A96B /* Debug */,
				0406C9FB2301C8880075A96B /* Release */,
			);
			defaultConfigurationIsVisible = 0;
			defaultConfigurationName = Release;
		};
		0406C9FC2301C8880075A96B /* Build configuration list for PBXNativeTarget "RandomPlacePhoto" */ = {
			isa = XCConfigurationList;
			buildConfigurations = (
				0406C9FD2301C8880075A96B /* Debug */,
				0406C9FE2301C8880075A96B /* Release */,
			);
			defaultConfigurationIsVisible = 0;
			defaultConfigurationName = Release;
		};
/* End XCConfigurationList section */
	};
	rootObject = 0406C9E22301C8860075A96B /* Project object */;
}
